// !$*UTF8*$!
{
	archiveVersion = 1;
	classes = {
	};
	objectVersion = 46;
	objects = {

/* Begin PBXBuildFile section */
		3F96A9521F075DCD00755BA8 /* main.m in Sources */ = {isa = PBXBuildFile; fileRef = 3F96A9511F075DCD00755BA8 /* main.m */; };
		3F96A9551F075DCD00755BA8 /* AppDelegate.m in Sources */ = {isa = PBXBuildFile; fileRef = 3F96A9541F075DCD00755BA8 /* AppDelegate.m */; };
		3F96A9581F075DCD00755BA8 /* ViewController.m in Sources */ = {isa = PBXBuildFile; fileRef = 3F96A9571F075DCD00755BA8 /* ViewController.m */; };
		3F96A95B1F075DCD00755BA8 /* Main.storyboard in Resources */ = {isa = PBXBuildFile; fileRef = 3F96A9591F075DCD00755BA8 /* Main.storyboard */; };
		3F96A95D1F075DCD00755BA8 /* Assets.xcassets in Resources */ = {isa = PBXBuildFile; fileRef = 3F96A95C1F075DCD00755BA8 /* Assets.xcassets */; };
		3F96A9601F075DCD00755BA8 /* LaunchScreen.storyboard in Resources */ = {isa = PBXBuildFile; fileRef = 3F96A95E1F075DCD00755BA8 /* LaunchScreen.storyboard */; };
		3F96A96D1F075E8F00755BA8 /* UIView+CSRFrame.m in Sources */ = {isa = PBXBuildFile; fileRef = 3F96A96C1F075E8F00755BA8 /* UIView+CSRFrame.m */; };
		3F96A9701F075ED800755BA8 /* NSTimer+CSRAddition.m in Sources */ = {isa = PBXBuildFile; fileRef = 3F96A96F1F075ED800755BA8 /* NSTimer+CSRAddition.m */; };
		3F96A9731F075F1E00755BA8 /* CSRProgressWebView.m in Sources */ = {isa = PBXBuildFile; fileRef = 3F96A9721F075F1E00755BA8 /* CSRProgressWebView.m */; };
		3F96A9761F075FB900755BA8 /* CSRWebProgressLayer.m in Sources */ = {isa = PBXBuildFile; fileRef = 3F96A9751F075FB900755BA8 /* CSRWebProgressLayer.m */; };
		E4226B5278F6FDC946D4D7F2 /* libPods-CSRProgressWebViewDemo.a in Frameworks */ = {isa = PBXBuildFile; fileRef = 274B53CF91CA007D4A24C8BA /* libPods-CSRProgressWebViewDemo.a */; };
/* End PBXBuildFile section */

/* Begin PBXFileReference section */
		274B53CF91CA007D4A24C8BA /* libPods-CSRProgressWebViewDemo.a */ = {isa = PBXFileReference; explicitFileType = archive.ar; includeInIndex = 0; path = "libPods-CSRProgressWebViewDemo.a"; sourceTree = BUILT_PRODUCTS_DIR; };
		3F96A94D1F075DCD00755BA8 /* CSRProgressWebViewDemo.app */ = {isa = PBXFileReference; explicitFileType = wrapper.application; includeInIndex = 0; path = CSRProgressWebViewDemo.app; sourceTree = BUILT_PRODUCTS_DIR; };
		3F96A9511F075DCD00755BA8 /* main.m */ = {isa = PBXFileReference; lastKnownFileType = sourcecode.c.objc; path = main.m; sourceTree = "<group>"; };
		3F96A9531F075DCD00755BA8 /* AppDelegate.h */ = {isa = PBXFileReference; lastKnownFileType = sourcecode.c.h; path = AppDelegate.h; sourceTree = "<group>"; };
		3F96A9541F075DCD00755BA8 /* AppDelegate.m */ = {isa = PBXFileReference; lastKnownFileType = sourcecode.c.objc; path = AppDelegate.m; sourceTree = "<group>"; };
		3F96A9561F075DCD00755BA8 /* ViewController.h */ = {isa = PBXFileReference; lastKnownFileType = sourcecode.c.h; path = ViewController.h; sourceTree = "<group>"; };
		3F96A9571F075DCD00755BA8 /* ViewController.m */ = {isa = PBXFileReference; lastKnownFileType = sourcecode.c.objc; path = ViewController.m; sourceTree = "<group>"; };
		3F96A95A1F075DCD00755BA8 /* Base */ = {isa = PBXFileReference; lastKnownFileType = file.storyboard; name = Base; path = Base.lproj/Main.storyboard; sourceTree = "<group>"; };
		3F96A95C1F075DCD00755BA8 /* Assets.xcassets */ = {isa = PBXFileReference; lastKnownFileType = folder.assetcatalog; path = Assets.xcassets; sourceTree = "<group>"; };
		3F96A95F1F075DCD00755BA8 /* Base */ = {isa = PBXFileReference; lastKnownFileType = file.storyboard; name = Base; path = Base.lproj/LaunchScreen.storyboard; sourceTree = "<group>"; };
		3F96A9611F075DCD00755BA8 /* Info.plist */ = {isa = PBXFileReference; lastKnownFileType = text.plist.xml; path = Info.plist; sourceTree = "<group>"; };
		3F96A96B1F075E8F00755BA8 /* UIView+CSRFrame.h */ = {isa = PBXFileReference; fileEncoding = 4; lastKnownFileType = sourcecode.c.h; path = "UIView+CSRFrame.h"; sourceTree = "<group>"; };
		3F96A96C1F075E8F00755BA8 /* UIView+CSRFrame.m */ = {isa = PBXFileReference; fileEncoding = 4; lastKnownFileType = sourcecode.c.objc; path = "UIView+CSRFrame.m"; sourceTree = "<group>"; };
		3F96A96E1F075ED800755BA8 /* NSTimer+CSRAddition.h */ = {isa = PBXFileReference; fileEncoding = 4; lastKnownFileType = sourcecode.c.h; path = "NSTimer+CSRAddition.h"; sourceTree = "<group>"; };
		3F96A96F1F075ED800755BA8 /* NSTimer+CSRAddition.m */ = {isa = PBXFileReference; fileEncoding = 4; lastKnownFileType = sourcecode.c.objc; path = "NSTimer+CSRAddition.m"; sourceTree = "<group>"; };
		3F96A9711F075F1E00755BA8 /* CSRProgressWebView.h */ = {isa = PBXFileReference; fileEncoding = 4; lastKnownFileType = sourcecode.c.h; path = CSRProgressWebView.h; sourceTree = "<group>"; };
		3F96A9721F075F1E00755BA8 /* CSRProgressWebView.m */ = {isa = PBXFileReference; fileEncoding = 4; lastKnownFileType = sourcecode.c.objc; path = CSRProgressWebView.m; sourceTree = "<group>"; };
		3F96A9741F075FB900755BA8 /* CSRWebProgressLayer.h */ = {isa = PBXFileReference; fileEncoding = 4; lastKnownFileType = sourcecode.c.h; path = CSRWebProgressLayer.h; sourceTree = "<group>"; };
		3F96A9751F075FB900755BA8 /* CSRWebProgressLayer.m */ = {isa = PBXFileReference; fileEncoding = 4; lastKnownFileType = sourcecode.c.objc; path = CSRWebProgressLayer.m; sourceTree = "<group>"; };
		6CD25DCFBD65B1CBC15212F1 /* Pods-CSRProgressWebViewDemo.release.xcconfig */ = {isa = PBXFileReference; includeInIndex = 1; lastKnownFileType = text.xcconfig; name = "Pods-CSRProgressWebViewDemo.release.xcconfig"; path = "Pods/Target Support Files/Pods-CSRProgressWebViewDemo/Pods-CSRProgressWebViewDemo.release.xcconfig"; sourceTree = "<group>"; };
		A9A23002C10421791F38A104 /* Pods-CSRProgressWebViewDemo.debug.xcconfig */ = {isa = PBXFileReference; includeInIndex = 1; lastKnownFileType = text.xcconfig; name = "Pods-CSRProgressWebViewDemo.debug.xcconfig"; path = "Pods/Target Support Files/Pods-CSRProgressWebViewDemo/Pods-CSRProgressWebViewDemo.debug.xcconfig"; sourceTree = "<group>"; };
/* End PBXFileReference section */

/* Begin PBXFrameworksBuildPhase section */
		3F96A94A1F075DCD00755BA8 /* Frameworks */ = {
			isa = PBXFrameworksBuildPhase;
			buildActionMask = 2147483647;
			files = (
				E4226B5278F6FDC946D4D7F2 /* libPods-CSRProgressWebViewDemo.a in Frameworks */,
			);
			runOnlyForDeploymentPostprocessing = 0;
		};
/* End PBXFrameworksBuildPhase section */

/* Begin PBXGroup section */
		3F96A9441F075DCD00755BA8 = {
			isa = PBXGroup;
			children = (
				3F96A94F1F075DCD00755BA8 /* CSRProgressWebViewDemo */,
				3F96A94E1F075DCD00755BA8 /* Products */,
				BEABBE8DFE87AE238B4A182A /* Pods */,
				FC63A351D5CF71B9AAEA3EDE /* Frameworks */,
			);
			sourceTree = "<group>";
		};
		3F96A94E1F075DCD00755BA8 /* Products */ = {
			isa = PBXGroup;
			children = (
				3F96A94D1F075DCD00755BA8 /* CSRProgressWebViewDemo.app */,
			);
			name = Products;
			sourceTree = "<group>";
		};
		3F96A94F1F075DCD00755BA8 /* CSRProgressWebViewDemo */ = {
			isa = PBXGroup;
			children = (
				3F96A9671F075E2800755BA8 /* WebView */,
				3F96A9531F075DCD00755BA8 /* AppDelegate.h */,
				3F96A9541F075DCD00755BA8 /* AppDelegate.m */,
				3F96A9561F075DCD00755BA8 /* ViewController.h */,
				3F96A9571F075DCD00755BA8 /* ViewController.m */,
				3F96A9591F075DCD00755BA8 /* Main.storyboard */,
				3F96A95C1F075DCD00755BA8 /* Assets.xcassets */,
				3F96A95E1F075DCD00755BA8 /* LaunchScreen.storyboard */,
				3F96A9611F075DCD00755BA8 /* Info.plist */,
				3F96A9501F075DCD00755BA8 /* Supporting Files */,
			);
			path = CSRProgressWebViewDemo;
			sourceTree = "<group>";
		};
		3F96A9501F075DCD00755BA8 /* Supporting Files */ = {
			isa = PBXGroup;
			children = (
				3F96A9511F075DCD00755BA8 /* main.m */,
			);
			name = "Supporting Files";
			sourceTree = "<group>";
		};
		3F96A9671F075E2800755BA8 /* WebView */ = {
			isa = PBXGroup;
			children = (
				3F96A96B1F075E8F00755BA8 /* UIView+CSRFrame.h */,
				3F96A96C1F075E8F00755BA8 /* UIView+CSRFrame.m */,
				3F96A96E1F075ED800755BA8 /* NSTimer+CSRAddition.h */,
				3F96A96F1F075ED800755BA8 /* NSTimer+CSRAddition.m */,
				3F96A9741F075FB900755BA8 /* CSRWebProgressLayer.h */,
				3F96A9751F075FB900755BA8 /* CSRWebProgressLayer.m */,
				3F96A9711F075F1E00755BA8 /* CSRProgressWebView.h */,
				3F96A9721F075F1E00755BA8 /* CSRProgressWebView.m */,
			);
			path = WebView;
			sourceTree = "<group>";
		};
		BEABBE8DFE87AE238B4A182A /* Pods */ = {
			isa = PBXGroup;
			children = (
				A9A23002C10421791F38A104 /* Pods-CSRProgressWebViewDemo.debug.xcconfig */,
				6CD25DCFBD65B1CBC15212F1 /* Pods-CSRProgressWebViewDemo.release.xcconfig */,
			);
			name = Pods;
			sourceTree = "<group>";
		};
		FC63A351D5CF71B9AAEA3EDE /* Frameworks */ = {
			isa = PBXGroup;
			children = (
				274B53CF91CA007D4A24C8BA /* libPods-CSRProgressWebViewDemo.a */,
			);
			name = Frameworks;
			sourceTree = "<group>";
		};
/* End PBXGroup section */

/* Begin PBXNativeTarget section */
		3F96A94C1F075DCD00755BA8 /* CSRProgressWebViewDemo */ = {
			isa = PBXNativeTarget;
			buildConfigurationList = 3F96A9641F075DCD00755BA8 /* Build configuration list for PBXNativeTarget "CSRProgressWebViewDemo" */;
			buildPhases = (
				198EAFD8B4C9C09937C555EB /* [CP] Check Pods Manifest.lock */,
				3F96A9491F075DCD00755BA8 /* Sources */,
				3F96A94A1F075DCD00755BA8 /* Frameworks */,
				3F96A94B1F075DCD00755BA8 /* Resources */,
				47F57C63D4ED1EA824824700 /* [CP] Embed Pods Frameworks */,
				18FFF417F12E386BBBF8A420 /* [CP] Copy Pods Resources */,
			);
			buildRules = (
			);
			dependencies = (
			);
			name = CSRProgressWebViewDemo;
			productName = CSRProgressWebViewDemo;
			productReference = 3F96A94D1F075DCD00755BA8 /* CSRProgressWebViewDemo.app */;
			productType = "com.apple.product-type.application";
		};
/* End PBXNativeTarget section */

/* Begin PBXProject section */
		3F96A9451F075DCD00755BA8 /* Project object */ = {
			isa = PBXProject;
			attributes = {
				LastUpgradeCheck = 0830;
				ORGANIZATIONNAME = LeoAiolia;
				TargetAttributes = {
					3F96A94C1F075DCD00755BA8 = {
						CreatedOnToolsVersion = 8.3.3;
						DevelopmentTeam = G47NJTTG9U;
						ProvisioningStyle = Manual;
					};
				};
			};
			buildConfigurationList = 3F96A9481F075DCD00755BA8 /* Build configuration list for PBXProject "CSRProgressWebViewDemo" */;
			compatibilityVersion = "Xcode 3.2";
			developmentRegion = English;
			hasScannedForEncodings = 0;
			knownRegions = (
				en,
				Base,
			);
			mainGroup = 3F96A9441F075DCD00755BA8;
			productRefGroup = 3F96A94E1F075DCD00755BA8 /* Products */;
			projectDirPath = "";
			projectRoot = "";
			targets = (
				3F96A94C1F075DCD00755BA8 /* CSRProgressWebViewDemo */,
			);
		};
/* End PBXProject section */

/* Begin PBXResourcesBuildPhase section */
		3F96A94B1F075DCD00755BA8 /* Resources */ = {
			isa = PBXResourcesBuildPhase;
			buildActionMask = 2147483647;
			files = (
				3F96A9601F075DCD00755BA8 /* LaunchScreen.storyboard in Resources */,
				3F96A95D1F075DCD00755BA8 /* Assets.xcassets in Resources */,
				3F96A95B1F075DCD00755BA8 /* Main.storyboard in Resources */,
			);
			runOnlyForDeploymentPostprocessing = 0;
		};
/* End PBXResourcesBuildPhase section */

/* Begin PBXShellScriptBuildPhase section */
		18FFF417F12E386BBBF8A420 /* [CP] Copy Pods Resources */ = {
			isa = PBXShellScriptBuildPhase;
			buildActionMask = 2147483647;
			files = (
			);
			inputPaths = (
			);
			name = "[CP] Copy Pods Resources";
			outputPaths = (
			);
			runOnlyForDeploymentPostprocessing = 0;
			shellPath = /bin/sh;
			shellScript = "\"${SRCROOT}/Pods/Target Support Files/Pods-CSRProgressWebViewDemo/Pods-CSRProgressWebViewDemo-resources.sh\"\n";
			showEnvVarsInLog = 0;
		};
		198EAFD8B4C9C09937C555EB /* [CP] Check Pods Manifest.lock */ = {
			isa = PBXShellScriptBuildPhase;
			buildActionMask = 2147483647;
			files = (
			);
			inputPaths = (
			);
			name = "[CP] Check Pods Manifest.lock";
			outputPaths = (
			);
			runOnlyForDeploymentPostprocessing = 0;
			shellPath = /bin/sh;
			shellScript = "diff \"${PODS_ROOT}/../Podfile.lock\" \"${PODS_ROOT}/Manifest.lock\" > /dev/null\nif [ $? != 0 ] ; then\n    # print error to STDERR\n    echo \"error: The sandbox is not in sync with the Podfile.lock. Run 'pod install' or update your CocoaPods installation.\" >&2\n    exit 1\nfi\n";
			showEnvVarsInLog = 0;
		};
		47F57C63D4ED1EA824824700 /* [CP] Embed Pods Frameworks */ = {
			isa = PBXShellScriptBuildPhase;
			buildActionMask = 2147483647;
			files = (
			);
			inputPaths = (
			);
			name = "[CP] Embed Pods Frameworks";
			outputPaths = (
			);
			runOnlyForDeploymentPostprocessing = 0;
			shellPath = /bin/sh;
			shellScript = "\"${SRCROOT}/Pods/Target Support Files/Pods-CSRProgressWebViewDemo/Pods-CSRProgressWebViewDemo-frameworks.sh\"\n";
			showEnvVarsInLog = 0;
		};
/* End PBXShellScriptBuildPhase section */

/* Begin PBXSourcesBuildPhase section */
		3F96A9491F075DCD00755BA8 /* Sources */ = {
			isa = PBXSourcesBuildPhase;
			buildActionMask = 2147483647;
			files = (
				3F96A9581F075DCD00755BA8 /* ViewController.m in Sources */,
				3F96A9551F075DCD00755BA8 /* AppDelegate.m in Sources */,
				3F96A9521F075DCD00755BA8 /* main.m in Sources */,
				3F96A96D1F075E8F00755BA8 /* UIView+CSRFrame.m in Sources */,
				3F96A9761F075FB900755BA8 /* CSRWebProgressLayer.m in Sources */,
				3F96A9701F075ED800755BA8 /* NSTimer+CSRAddition.m in Sources */,
				3F96A9731F075F1E00755BA8 /* CSRProgressWebView.m in Sources */,
			);
			runOnlyForDeploymentPostprocessing = 0;
		};
/* End PBXSourcesBuildPhase section */

/* Begin PBXVariantGroup section */
		3F96A9591F075DCD00755BA8 /* Main.storyboard */ = {
			isa = PBXVariantGroup;
			children = (
				3F96A95A1F075DCD00755BA8 /* Base */,
			);
			name = Main.storyboard;
			sourceTree = "<group>";
		};
		3F96A95E1F075DCD00755BA8 /* LaunchScreen.storyboard */ = {
			isa = PBXVariantGroup;
			children = (
				3F96A95F1F075DCD00755BA8 /* Base */,
			);
			name = LaunchScreen.storyboard;
			sourceTree = "<group>";
		};
/* End PBXVariantGroup section */

/* Begin XCBuildConfiguration section */
		3F96A9621F075DCD00755BA8 /* Debug */ = {
			isa = XCBuildConfiguration;
			buildSettings = {
				ALWAYS_SEARCH_USER_PATHS = NO;
				CLANG_ANALYZER_NONNULL = YES;
				CLANG_ANALYZER_NUMBER_OBJECT_CONVERSION = YES_AGGRESSIVE;
				CLANG_CXX_LANGUAGE_STANDARD = "gnu++0x";
				CLANG_CXX_LIBRARY = "libc++";
				CLANG_ENABLE_MODULES = YES;
				CLANG_ENABLE_OBJC_ARC = YES;
				CLANG_WARN_BOOL_CONVERSION = YES;
				CLANG_WARN_CONSTANT_CONVERSION = YES;
				CLANG_WARN_DIRECT_OBJC_ISA_USAGE = YES_ERROR;
				CLANG_WARN_DOCUMENTATION_COMMENTS = YES;
				CLANG_WARN_EMPTY_BODY = YES;
				CLANG_WARN_ENUM_CONVERSION = YES;
				CLANG_WARN_INFINITE_RECURSION = YES;
				CLANG_WARN_INT_CONVERSION = YES;
				CLANG_WARN_OBJC_ROOT_CLASS = YES_ERROR;
				CLANG_WARN_SUSPICIOUS_MOVE = YES;
				CLANG_WARN_UNREACHABLE_CODE = YES;
				CLANG_WARN__DUPLICATE_METHOD_MATCH = YES;
				"CODE_SIGN_IDENTITY[sdk=iphoneos*]" = "iPhone Developer";
				COPY_PHASE_STRIP = NO;
				DEBUG_INFORMATION_FORMAT = dwarf;
				ENABLE_STRICT_OBJC_MSGSEND = YES;
				ENABLE_TESTABILITY = YES;
				GCC_C_LANGUAGE_STANDARD = gnu99;
				GCC_DYNAMIC_NO_PIC = NO;
				GCC_NO_COMMON_BLOCKS = YES;
				GCC_OPTIMIZATION_LEVEL = 0;
				GCC_PREPROCESSOR_DEFINITIONS = (
					"DEBUG=1",
					"$(inherited)",
				);
				GCC_WARN_64_TO_32_BIT_CONVERSION = YES;
				GCC_WARN_ABOUT_RETURN_TYPE = YES_ERROR;
				GCC_WARN_UNDECLARED_SELECTOR = YES;
				GCC_WARN_UNINITIALIZED_AUTOS = YES_AGGRESSIVE;
				GCC_WARN_UNUSED_FUNCTION = YES;
				GCC_WARN_UNUSED_VARIABLE = YES;
				IPHONEOS_DEPLOYMENT_TARGET = 10.3;
				MTL_ENABLE_DEBUG_INFO = YES;
				ONLY_ACTIVE_ARCH = YES;
				SDKROOT = iphoneos;
			};
			name = Debug;
		};
		3F96A9631F075DCD00755BA8 /* Release */ = {
			isa = XCBuildConfiguration;
			buildSettings = {
				ALWAYS_SEARCH_USER_PATHS = NO;
				CLANG_ANALYZER_NONNULL = YES;
				CLANG_ANALYZER_NUMBER_OBJECT_CONVERSION = YES_AGGRESSIVE;
				CLANG_CXX_LANGUAGE_STANDARD = "gnu++0x";
				CLANG_CXX_LIBRARY = "libc++";
				CLANG_ENABLE_MODULES = YES;
				CLANG_ENABLE_OBJC_ARC = YES;
				CLANG_WARN_BOOL_CONVERSION = YES;
				CLANG_WARN_CONSTANT_CONVERSION = YES;
				CLANG_WARN_DIRECT_OBJC_ISA_USAGE = YES_ERROR;
				CLANG_WARN_DOCUMENTATION_COMMENTS = YES;
				CLANG_WARN_EMPTY_BODY = YES;
				CLANG_WARN_ENUM_CONVERSION = YES;
				CLANG_WARN_INFINITE_RECURSION = YES;
				CLANG_WARN_INT_CONVERSION = YES;
				CLANG_WARN_OBJC_ROOT_CLASS = YES_ERROR;
				CLANG_WARN_SUSPICIOUS_MOVE = YES;
				CLANG_WARN_UNREACHABLE_CODE = YES;
				CLANG_WARN__DUPLICATE_METHOD_MATCH = YES;
				"CODE_SIGN_IDENTITY[sdk=iphoneos*]" = "iPhone Developer";
				COPY_PHASE_STRIP = NO;
				DEBUG_INFORMATION_FORMAT = "dwarf-with-dsym";
				ENABLE_NS_ASSERTIONS = NO;
				ENABLE_STRICT_OBJC_MSGSEND = YES;
				GCC_C_LANGUAGE_STANDARD = gnu99;
				GCC_NO_COMMON_BLOCKS = YES;
				GCC_WARN_64_TO_32_BIT_CONVERSION = YES;
				GCC_WARN_ABOUT_RETURN_TYPE = YES_ERROR;
				GCC_WARN_UNDECLARED_SELECTOR = YES;
				GCC_WARN_UNINITIALIZED_AUTOS = YES_AGGRESSIVE;
				GCC_WARN_UNUSED_FUNCTION = YES;
				GCC_WARN_UNUSED_VARIABLE = YES;
				IPHONEOS_DEPLOYMENT_TARGET = 10.3;
				MTL_ENABLE_DEBUG_INFO = NO;
				SDKROOT = iphoneos;
				VALIDATE_PRODUCT = YES;
			};
			name = Release;
		};
		3F96A9651F075DCD00755BA8 /* Debug */ = {
			isa = XCBuildConfiguration;
			baseConfigurationReference = A9A23002C10421791F38A104 /* Pods-CSRProgressWebViewDemo.debug.xcconfig */;
			buildSettings = {
				ASSETCATALOG_COMPILER_APPICON_NAME = AppIcon;
				CODE_SIGN_IDENTITY = "iPhone Developer: Huajun Zhong (P96EFHNMSV)";
				DEVELOPMENT_TEAM = G47NJTTG9U;
				INFOPLIST_FILE = CSRProgressWebViewDemo/Info.plist;
				LD_RUNPATH_SEARCH_PATHS = "$(inherited) @executable_path/Frameworks";
				PRODUCT_BUNDLE_IDENTIFIER = com.ecmoban.ios.CSRProgressWebViewDemo;
				PRODUCT_NAME = "$(TARGET_NAME)";
				PROVISIONING_PROFILE = "42fd72fc-7d6f-42cb-a4be-ea45cad3f822";
				PROVISIONING_PROFILE_SPECIFIER = "ecmoban Development";
			};
			name = Debug;
		};
		3F96A9661F075DCD00755BA8 /* Release */ = {
			isa = XCBuildConfiguration;
			baseConfigurationReference = 6CD25DCFBD65B1CBC15212F1 /* Pods-CSRProgressWebViewDemo.release.xcconfig */;
			buildSettings = {
				ASSETCATALOG_COMPILER_APPICON_NAME = AppIcon;
				CODE_SIGN_IDENTITY = "iPhone Developer: Huajun Zhong (P96EFHNMSV)";
				DEVELOPMENT_TEAM = G47NJTTG9U;
				INFOPLIST_FILE = CSRProgressWebViewDemo/Info.plist;
				LD_RUNPATH_SEARCH_PATHS = "$(inherited) @executable_path/Frameworks";
				PRODUCT_BUNDLE_IDENTIFIER = com.ecmoban.ios.CSRProgressWebViewDemo;
				PRODUCT_NAME = "$(TARGET_NAME)";
				PROVISIONING_PROFILE = "42fd72fc-7d6f-42cb-a4be-ea45cad3f822";
				PROVISIONING_PROFILE_SPECIFIER = "ecmoban Development";
			};
			name = Release;
		};
/* End XCBuildConfiguration section */

/* Begin XCConfigurationList section */
		3F96A9481F075DCD00755BA8 /* Build configuration list for PBXProject "CSRProgressWebViewDemo" */ = {
			isa = XCConfigurationList;
			buildConfigurations = (
				3F96A9621F075DCD00755BA8 /* Debug */,
				3F96A9631F075DCD00755BA8 /* Release */,
			);
			defaultConfigurationIsVisible = 0;
			defaultConfigurationName = Release;
		};
		3F96A9641F075DCD00755BA8 /* Build configuration list for PBXNativeTarget "CSRProgressWebViewDemo" */ = {
			isa = XCConfigurationList;
			buildConfigurations = (
				3F96A9651F075DCD00755BA8 /* Debug */,
				3F96A9661F075DCD00755BA8 /* Release */,
			);
			defaultConfigurationIsVisible = 0;
			defaultConfigurationName = Release;
		};
/* End XCConfigurationList section */
	};
	rootObject = 3F96A9451F075DCD00755BA8 /* Project object */;
}
